// !$*UTF8*$!
{
	archiveVersion = 1;
	classes = {
	};
	objectVersion = 48;
	objects = {

/* Begin PBXBuildFile section */
		13149D841F9EC677001A859A /* HomeViewController.m in Sources */ = {isa = PBXBuildFile; fileRef = 13149D831F9EC677001A859A /* HomeViewController.m */; };
		13149D871F9EC6CB001A859A /* CheckViewController.m in Sources */ = {isa = PBXBuildFile; fileRef = 13149D861F9EC6CB001A859A /* CheckViewController.m */; };
		13149D8A1F9EC708001A859A /* ReadViewController.m in Sources */ = {isa = PBXBuildFile; fileRef = 13149D891F9EC708001A859A /* ReadViewController.m */; };
		13149D8D1F9EC748001A859A /* CenterViewController.m in Sources */ = {isa = PBXBuildFile; fileRef = 13149D8C1F9EC748001A859A /* CenterViewController.m */; };
		1327C71F1FC3DDAF00216328 /* libsqlite3.tbd in Frameworks */ = {isa = PBXBuildFile; fileRef = 1327C71E1FC3DDA100216328 /* libsqlite3.tbd */; };
		1327C7221FC3DE7C00216328 /* UserModel.m in Sources */ = {isa = PBXBuildFile; fileRef = 1327C7211FC3DE7C00216328 /* UserModel.m */; };
		1327C7251FC3E0F900216328 /* AppointmentViewController.m in Sources */ = {isa = PBXBuildFile; fileRef = 1327C7241FC3E0F900216328 /* AppointmentViewController.m */; };
		1327C7281FC439F900216328 /* SQLManager.m in Sources */ = {isa = PBXBuildFile; fileRef = 1327C7271FC439F900216328 /* SQLManager.m */; };
		136BA948207B3902001653C3 /* ViewController2.m in Sources */ = {isa = PBXBuildFile; fileRef = 136BA947207B3902001653C3 /* ViewController2.m */; };
		1389F49F1F9C40B1005CE5B9 /* AppDelegate.m in Sources */ = {isa = PBXBuildFile; fileRef = 1389F49E1F9C40B1005CE5B9 /* AppDelegate.m */; };
		1389F4A51F9C40B1005CE5B9 /* Main.storyboard in Resources */ = {isa = PBXBuildFile; fileRef = 1389F4A31F9C40B1005CE5B9 /* Main.storyboard */; };
		1389F4A71F9C40B1005CE5B9 /* Assets.xcassets in Resources */ = {isa = PBXBuildFile; fileRef = 1389F4A61F9C40B1005CE5B9 /* Assets.xcassets */; };
		1389F4AA1F9C40B1005CE5B9 /* LaunchScreen.storyboard in Resources */ = {isa = PBXBuildFile; fileRef = 1389F4A81F9C40B1005CE5B9 /* LaunchScreen.storyboard */; };
		1389F4AD1F9C40B1005CE5B9 /* main.m in Sources */ = {isa = PBXBuildFile; fileRef = 1389F4AC1F9C40B1005CE5B9 /* main.m */; };
		1389F4B51F9C4159005CE5B9 /* LoginViewController.m in Sources */ = {isa = PBXBuildFile; fileRef = 1389F4B41F9C4159005CE5B9 /* LoginViewController.m */; };
		13AE97D3207B174A00B3FE11 /* Cell.m in Sources */ = {isa = PBXBuildFile; fileRef = 13AE97D2207B174A00B3FE11 /* Cell.m */; };
		13AE97D7207B17DA00B3FE11 /* Cell.xib in Resources */ = {isa = PBXBuildFile; fileRef = 13AE97D6207B17DA00B3FE11 /* Cell.xib */; };
		13AE97DD207B191200B3FE11 /* JiaoViewController.m in Sources */ = {isa = PBXBuildFile; fileRef = 13AE97DC207B191200B3FE11 /* JiaoViewController.m */; };
		13AE97E0207B1A4000B3FE11 /* ViewController.m in Sources */ = {isa = PBXBuildFile; fileRef = 13AE97DF207B1A4000B3FE11 /* ViewController.m */; };
		13DFBC792079B57700CBB6AF /* OnAnalysisViewController.m in Sources */ = {isa = PBXBuildFile; fileRef = 13DFBC782079B57700CBB6AF /* OnAnalysisViewController.m */; };
		13E657A61FD3FBC400060B5B /* AppiontmentHomeViewController.m in Sources */ = {isa = PBXBuildFile; fileRef = 13E657A51FD3FBC300060B5B /* AppiontmentHomeViewController.m */; };
		EFB213C6228D6183005485E8 /* coachSQL.m in Sources */ = {isa = PBXBuildFile; fileRef = EFB213C5228D6183005485E8 /* coachSQL.m */; };
		EFB213CA228D621B005485E8 /* coachModel.m in Sources */ = {isa = PBXBuildFile; fileRef = EFB213C9228D621B005485E8 /* coachModel.m */; };
		EFD1C718228CECA7006104F2 /* ManagerViewController.m in Sources */ = {isa = PBXBuildFile; fileRef = EFD1C717228CECA7006104F2 /* ManagerViewController.m */; };
		EFD1C71C228CF4E2006104F2 /* contentCell.m in Sources */ = {isa = PBXBuildFile; fileRef = EFD1C71A228CF4E2006104F2 /* contentCell.m */; };
		EFD1C71D228CF4E2006104F2 /* contentCell.xib in Resources */ = {isa = PBXBuildFile; fileRef = EFD1C71B228CF4E2006104F2 /* contentCell.xib */; };
		EFDC9098228D5A1F0097178A /* CoachViewController.m in Sources */ = {isa = PBXBuildFile; fileRef = EFDC9097228D5A1F0097178A /* CoachViewController.m */; };
		EFDC90A4228D5CB00097178A /* FirstViewController.m in Sources */ = {isa = PBXBuildFile; fileRef = EFDC90A3228D5CB00097178A /* FirstViewController.m */; };
		EFFAA615228E497000952370 /* cAppointFirstViewController.m in Sources */ = {isa = PBXBuildFile; fileRef = EFFAA614228E497000952370 /* cAppointFirstViewController.m */; };
		EFFAA619228E4C8400952370 /* coachAppointCell.m in Sources */ = {isa = PBXBuildFile; fileRef = EFFAA617228E4C8400952370 /* coachAppointCell.m */; };
		EFFAA61A228E4C8400952370 /* coachAppointCell.xib in Resources */ = {isa = PBXBuildFile; fileRef = EFFAA618228E4C8400952370 /* coachAppointCell.xib */; };
		EFFAA623228E5BEA00952370 /* MessageViewController.m in Sources */ = {isa = PBXBuildFile; fileRef = EFFAA622228E5BEA00952370 /* MessageViewController.m */; };
/* End PBXBuildFile section */

/* Begin PBXFileReference section */
		13149D821F9EC677001A859A /* HomeViewController.h */ = {isa = PBXFileReference; lastKnownFileType = sourcecode.c.h; path = HomeViewController.h; sourceTree = "<group>"; };
		13149D831F9EC677001A859A /* HomeViewController.m */ = {isa = PBXFileReference; lastKnownFileType = sourcecode.c.objc; path = HomeViewController.m; sourceTree = "<group>"; };
		13149D851F9EC6CB001A859A /* CheckViewController.h */ = {isa = PBXFileReference; lastKnownFileType = sourcecode.c.h; path = CheckViewController.h; sourceTree = "<group>"; };
		13149D861F9EC6CB001A859A /* CheckViewController.m */ = {isa = PBXFileReference; lastKnownFileType = sourcecode.c.objc; path = CheckViewController.m; sourceTree = "<group>"; };
		13149D881F9EC708001A859A /* ReadViewController.h */ = {isa = PBXFileReference; lastKnownFileType = sourcecode.c.h; path = ReadViewController.h; sourceTree = "<group>"; };
		13149D891F9EC708001A859A /* ReadViewController.m */ = {isa = PBXFileReference; lastKnownFileType = sourcecode.c.objc; path = ReadViewController.m; sourceTree = "<group>"; };
		13149D8B1F9EC748001A859A /* CenterViewController.h */ = {isa = PBXFileReference; lastKnownFileType = sourcecode.c.h; path = CenterViewController.h; sourceTree = "<group>"; };
		13149D8C1F9EC748001A859A /* CenterViewController.m */ = {isa = PBXFileReference; lastKnownFileType = sourcecode.c.objc; path = CenterViewController.m; sourceTree = "<group>"; };
		1327C71E1FC3DDA100216328 /* libsqlite3.tbd */ = {isa = PBXFileReference; lastKnownFileType = "sourcecode.text-based-dylib-definition"; name = libsqlite3.tbd; path = usr/lib/libsqlite3.tbd; sourceTree = SDKROOT; };
		1327C7201FC3DE7C00216328 /* UserModel.h */ = {isa = PBXFileReference; lastKnownFileType = sourcecode.c.h; path = UserModel.h; sourceTree = "<group>"; };
		1327C7211FC3DE7C00216328 /* UserModel.m */ = {isa = PBXFileReference; lastKnownFileType = sourcecode.c.objc; path = UserModel.m; sourceTree = "<group>"; };
		1327C7231FC3E0F900216328 /* AppointmentViewController.h */ = {isa = PBXFileReference; lastKnownFileType = sourcecode.c.h; path = AppointmentViewController.h; sourceTree = "<group>"; };
		1327C7241FC3E0F900216328 /* AppointmentViewController.m */ = {isa = PBXFileReference; lastKnownFileType = sourcecode.c.objc; path = AppointmentViewController.m; sourceTree = "<group>"; };
		1327C7261FC439F900216328 /* SQLManager.h */ = {isa = PBXFileReference; lastKnownFileType = sourcecode.c.h; path = SQLManager.h; sourceTree = "<group>"; };
		1327C7271FC439F900216328 /* SQLManager.m */ = {isa = PBXFileReference; lastKnownFileType = sourcecode.c.objc; path = SQLManager.m; sourceTree = "<group>"; };
		136BA946207B3902001653C3 /* ViewController2.h */ = {isa = PBXFileReference; lastKnownFileType = sourcecode.c.h; path = ViewController2.h; sourceTree = "<group>"; };
		136BA947207B3902001653C3 /* ViewController2.m */ = {isa = PBXFileReference; lastKnownFileType = sourcecode.c.objc; path = ViewController2.m; sourceTree = "<group>"; };
		1389F49A1F9C40B1005CE5B9 /* Stronger.app */ = {isa = PBXFileReference; explicitFileType = wrapper.application; includeInIndex = 0; path = Stronger.app; sourceTree = BUILT_PRODUCTS_DIR; };
		1389F49D1F9C40B1005CE5B9 /* AppDelegate.h */ = {isa = PBXFileReference; lastKnownFileType = sourcecode.c.h; path = AppDelegate.h; sourceTree = "<group>"; };
		1389F49E1F9C40B1005CE5B9 /* AppDelegate.m */ = {isa = PBXFileReference; lastKnownFileType = sourcecode.c.objc; path = AppDelegate.m; sourceTree = "<group>"; };
		1389F4A41F9C40B1005CE5B9 /* Base */ = {isa = PBXFileReference; lastKnownFileType = file.storyboard; name = Base; path = Base.lproj/Main.storyboard; sourceTree = "<group>"; };
		1389F4A61F9C40B1005CE5B9 /* Assets.xcassets */ = {isa = PBXFileReference; lastKnownFileType = folder.assetcatalog; path = Assets.xcassets; sourceTree = "<group>"; };
		1389F4A91F9C40B1005CE5B9 /* Base */ = {isa = PBXFileReference; lastKnownFileType = file.storyboard; name = Base; path = Base.lproj/LaunchScreen.storyboard; sourceTree = "<group>"; };
		1389F4AB1F9C40B1005CE5B9 /* Info.plist */ = {isa = PBXFileReference; lastKnownFileType = text.plist.xml; path = Info.plist; sourceTree = "<group>"; };
		1389F4AC1F9C40B1005CE5B9 /* main.m */ = {isa = PBXFileReference; lastKnownFileType = sourcecode.c.objc; path = main.m; sourceTree = "<group>"; };
		1389F4B31F9C4159005CE5B9 /* LoginViewController.h */ = {isa = PBXFileReference; lastKnownFileType = sourcecode.c.h; path = LoginViewController.h; sourceTree = "<group>"; };
		1389F4B41F9C4159005CE5B9 /* LoginViewController.m */ = {isa = PBXFileReference; lastKnownFileType = sourcecode.c.objc; path = LoginViewController.m; sourceTree = "<group>"; };
		13AE97D1207B174A00B3FE11 /* Cell.h */ = {isa = PBXFileReference; lastKnownFileType = sourcecode.c.h; path = Cell.h; sourceTree = "<group>"; };
		13AE97D2207B174A00B3FE11 /* Cell.m */ = {isa = PBXFileReference; lastKnownFileType = sourcecode.c.objc; path = Cell.m; sourceTree = "<group>"; };
		13AE97D6207B17DA00B3FE11 /* Cell.xib */ = {isa = PBXFileReference; lastKnownFileType = file.xib; path = Cell.xib; sourceTree = "<group>"; };
		13AE97DB207B191200B3FE11 /* JiaoViewController.h */ = {isa = PBXFileReference; lastKnownFileType = sourcecode.c.h; path = JiaoViewController.h; sourceTree = "<group>"; };
		13AE97DC207B191200B3FE11 /* JiaoViewController.m */ = {isa = PBXFileReference; lastKnownFileType = sourcecode.c.objc; path = JiaoViewController.m; sourceTree = "<group>"; };
		13AE97DE207B1A4000B3FE11 /* ViewController.h */ = {isa = PBXFileReference; lastKnownFileType = sourcecode.c.h; path = ViewController.h; sourceTree = "<group>"; };
		13AE97DF207B1A4000B3FE11 /* ViewController.m */ = {isa = PBXFileReference; lastKnownFileType = sourcecode.c.objc; path = ViewController.m; sourceTree = "<group>"; };
		13DFBC772079B57700CBB6AF /* OnAnalysisViewController.h */ = {isa = PBXFileReference; lastKnownFileType = sourcecode.c.h; path = OnAnalysisViewController.h; sourceTree = "<group>"; };
		13DFBC782079B57700CBB6AF /* OnAnalysisViewController.m */ = {isa = PBXFileReference; lastKnownFileType = sourcecode.c.objc; path = OnAnalysisViewController.m; sourceTree = "<group>"; };
		13E657A41FD3FBC300060B5B /* AppiontmentHomeViewController.h */ = {isa = PBXFileReference; lastKnownFileType = sourcecode.c.h; path = AppiontmentHomeViewController.h; sourceTree = "<group>"; };
		13E657A51FD3FBC300060B5B /* AppiontmentHomeViewController.m */ = {isa = PBXFileReference; lastKnownFileType = sourcecode.c.objc; path = AppiontmentHomeViewController.m; sourceTree = "<group>"; };
		EFB213C4228D6183005485E8 /* coachSQL.h */ = {isa = PBXFileReference; lastKnownFileType = sourcecode.c.h; path = coachSQL.h; sourceTree = "<group>"; };
		EFB213C5228D6183005485E8 /* coachSQL.m */ = {isa = PBXFileReference; lastKnownFileType = sourcecode.c.objc; path = coachSQL.m; sourceTree = "<group>"; };
		EFB213C8228D621B005485E8 /* coachModel.h */ = {isa = PBXFileReference; lastKnownFileType = sourcecode.c.h; path = coachModel.h; sourceTree = "<group>"; };
		EFB213C9228D621B005485E8 /* coachModel.m */ = {isa = PBXFileReference; lastKnownFileType = sourcecode.c.objc; path = coachModel.m; sourceTree = "<group>"; };
		EFD1C716228CECA7006104F2 /* ManagerViewController.h */ = {isa = PBXFileReference; lastKnownFileType = sourcecode.c.h; path = ManagerViewController.h; sourceTree = "<group>"; };
		EFD1C717228CECA7006104F2 /* ManagerViewController.m */ = {isa = PBXFileReference; lastKnownFileType = sourcecode.c.objc; path = ManagerViewController.m; sourceTree = "<group>"; };
		EFD1C719228CF4E2006104F2 /* contentCell.h */ = {isa = PBXFileReference; lastKnownFileType = sourcecode.c.h; path = contentCell.h; sourceTree = "<group>"; };
		EFD1C71A228CF4E2006104F2 /* contentCell.m */ = {isa = PBXFileReference; lastKnownFileType = sourcecode.c.objc; path = contentCell.m; sourceTree = "<group>"; };
		EFD1C71B228CF4E2006104F2 /* contentCell.xib */ = {isa = PBXFileReference; lastKnownFileType = file.xib; path = contentCell.xib; sourceTree = "<group>"; };
		EFDC9096228D5A1F0097178A /* CoachViewController.h */ = {isa = PBXFileReference; lastKnownFileType = sourcecode.c.h; path = CoachViewController.h; sourceTree = "<group>"; };
		EFDC9097228D5A1F0097178A /* CoachViewController.m */ = {isa = PBXFileReference; lastKnownFileType = sourcecode.c.objc; path = CoachViewController.m; sourceTree = "<group>"; };
		EFDC90A2228D5CB00097178A /* FirstViewController.h */ = {isa = PBXFileReference; lastKnownFileType = sourcecode.c.h; path = FirstViewController.h; sourceTree = "<group>"; };
		EFDC90A3228D5CB00097178A /* FirstViewController.m */ = {isa = PBXFileReference; lastKnownFileType = sourcecode.c.objc; path = FirstViewController.m; sourceTree = "<group>"; };
		EFFAA613228E497000952370 /* cAppointFirstViewController.h */ = {isa = PBXFileReference; lastKnownFileType = sourcecode.c.h; path = cAppointFirstViewController.h; sourceTree = "<group>"; };
		EFFAA614228E497000952370 /* cAppointFirstViewController.m */ = {isa = PBXFileReference; lastKnownFileType = sourcecode.c.objc; path = cAppointFirstViewController.m; sourceTree = "<group>"; };
		EFFAA616228E4C8400952370 /* coachAppointCell.h */ = {isa = PBXFileReference; lastKnownFileType = sourcecode.c.h; path = coachAppointCell.h; sourceTree = "<group>"; };
		EFFAA617228E4C8400952370 /* coachAppointCell.m */ = {isa = PBXFileReference; lastKnownFileType = sourcecode.c.objc; path = coachAppointCell.m; sourceTree = "<group>"; };
		EFFAA618228E4C8400952370 /* coachAppointCell.xib */ = {isa = PBXFileReference; lastKnownFileType = file.xib; path = coachAppointCell.xib; sourceTree = "<group>"; };
		EFFAA621228E5BEA00952370 /* MessageViewController.h */ = {isa = PBXFileReference; lastKnownFileType = sourcecode.c.h; path = MessageViewController.h; sourceTree = "<group>"; };
		EFFAA622228E5BEA00952370 /* MessageViewController.m */ = {isa = PBXFileReference; lastKnownFileType = sourcecode.c.objc; path = MessageViewController.m; sourceTree = "<group>"; };
/* End PBXFileReference section */

/* Begin PBXFrameworksBuildPhase section */
		1389F4971F9C40B1005CE5B9 /* Frameworks */ = {
			isa = PBXFrameworksBuildPhase;
			buildActionMask = 2147483647;
			files = (
				1327C71F1FC3DDAF00216328 /* libsqlite3.tbd in Frameworks */,
			);
			runOnlyForDeploymentPostprocessing = 0;
		};
/* End PBXFrameworksBuildPhase section */

/* Begin PBXGroup section */
		1327C71D1FC3DDA100216328 /* Frameworks */ = {
			isa = PBXGroup;
			children = (
				1327C71E1FC3DDA100216328 /* libsqlite3.tbd */,
			);
			name = Frameworks;
			sourceTree = "<group>";
		};
		1389F4911F9C40B1005CE5B9 = {
			isa = PBXGroup;
			children = (
				13ECF9B01F9F18EC0074C75D /* images */,
				1389F49C1F9C40B1005CE5B9 /* Stronger */,
				1389F49B1F9C40B1005CE5B9 /* Products */,
				1327C71D1FC3DDA100216328 /* Frameworks */,
			);
			sourceTree = "<group>";
		};
		1389F49B1F9C40B1005CE5B9 /* Products */ = {
			isa = PBXGroup;
			children = (
				1389F49A1F9C40B1005CE5B9 /* Stronger.app */,
			);
			name = Products;
			sourceTree = "<group>";
		};
		1389F49C1F9C40B1005CE5B9 /* Stronger */ = {
			isa = PBXGroup;
			children = (
				EFFAA60F228E487200952370 /* coachAppointment */,
				EFFAA60D228E480B00952370 /* equipmentAppointment */,
				EFFAA60E228E484000952370 /* TableCell */,
				EFB213C7228D6200005485E8 /* Model */,
				EFB213C3228D6157005485E8 /* SQL */,
				EFDC90A1228D5C420097178A /* coach */,
				EFD1C715228CEC62006104F2 /*  Login */,
				1389F49D1F9C40B1005CE5B9 /* AppDelegate.h */,
				1389F49E1F9C40B1005CE5B9 /* AppDelegate.m */,
				EFDC9096228D5A1F0097178A /* CoachViewController.h */,
				EFDC9097228D5A1F0097178A /* CoachViewController.m */,
				1389F4A31F9C40B1005CE5B9 /* Main.storyboard */,
				13AE97DE207B1A4000B3FE11 /* ViewController.h */,
				13AE97DF207B1A4000B3FE11 /* ViewController.m */,
				1389F4A61F9C40B1005CE5B9 /* Assets.xcassets */,
				1389F4A81F9C40B1005CE5B9 /* LaunchScreen.storyboard */,
				1389F4AB1F9C40B1005CE5B9 /* Info.plist */,
				1389F4AC1F9C40B1005CE5B9 /* main.m */,
				13149D821F9EC677001A859A /* HomeViewController.h */,
				13149D831F9EC677001A859A /* HomeViewController.m */,
				13149D851F9EC6CB001A859A /* CheckViewController.h */,
				13149D861F9EC6CB001A859A /* CheckViewController.m */,
				13149D881F9EC708001A859A /* ReadViewController.h */,
				13149D891F9EC708001A859A /* ReadViewController.m */,
				13149D8B1F9EC748001A859A /* CenterViewController.h */,
				13149D8C1F9EC748001A859A /* CenterViewController.m */,
				13DFBC772079B57700CBB6AF /* OnAnalysisViewController.h */,
				13DFBC782079B57700CBB6AF /* OnAnalysisViewController.m */,
				13AE97D6207B17DA00B3FE11 /* Cell.xib */,
				13AE97D1207B174A00B3FE11 /* Cell.h */,
				13AE97D2207B174A00B3FE11 /* Cell.m */,
				136BA946207B3902001653C3 /* ViewController2.h */,
				136BA947207B3902001653C3 /* ViewController2.m */,
			);
			path = Stronger;
			sourceTree = "<group>";
		};
		13ECF9B01F9F18EC0074C75D /* images */ = {
			isa = PBXGroup;
			children = (
			);
			name = images;
			path = ../images;
			sourceTree = "<group>";
		};
		EFB213C3228D6157005485E8 /* SQL */ = {
			isa = PBXGroup;
			children = (
				1327C7261FC439F900216328 /* SQLManager.h */,
				1327C7271FC439F900216328 /* SQLManager.m */,
				EFB213C4228D6183005485E8 /* coachSQL.h */,
				EFB213C5228D6183005485E8 /* coachSQL.m */,
			);
			path = SQL;
			sourceTree = "<group>";
		};
		EFB213C7228D6200005485E8 /* Model */ = {
			isa = PBXGroup;
			children = (
				1327C7201FC3DE7C00216328 /* UserModel.h */,
				1327C7211FC3DE7C00216328 /* UserModel.m */,
				EFB213C8228D621B005485E8 /* coachModel.h */,
				EFB213C9228D621B005485E8 /* coachModel.m */,
			);
			path = Model;
			sourceTree = "<group>";
		};
		EFD1C715228CEC62006104F2 /*  Login */ = {
			isa = PBXGroup;
			children = (
				EFD1C716228CECA7006104F2 /* ManagerViewController.h */,
				EFD1C717228CECA7006104F2 /* ManagerViewController.m */,
				1389F4B31F9C4159005CE5B9 /* LoginViewController.h */,
				1389F4B41F9C4159005CE5B9 /* LoginViewController.m */,
			);
			path = " Login";
			sourceTree = "<group>";
		};
		EFDC90A1228D5C420097178A /* coach */ = {
			isa = PBXGroup;
			children = (
				EFDC90A2228D5CB00097178A /* FirstViewController.h */,
				EFDC90A3228D5CB00097178A /* FirstViewController.m */,
			);
			path = coach;
			sourceTree = "<group>";
		};
		EFFAA60D228E480B00952370 /* equipmentAppointment */ = {
			isa = PBXGroup;
			children = (
				1327C7231FC3E0F900216328 /* AppointmentViewController.h */,
				1327C7241FC3E0F900216328 /* AppointmentViewController.m */,
				13E657A41FD3FBC300060B5B /* AppiontmentHomeViewController.h */,
				13E657A51FD3FBC300060B5B /* AppiontmentHomeViewController.m */,
			);
			path = equipmentAppointment;
			sourceTree = "<group>";
		};
		EFFAA60E228E484000952370 /* TableCell */ = {
			isa = PBXGroup;
			children = (
				EFD1C719228CF4E2006104F2 /* contentCell.h */,
				EFD1C71A228CF4E2006104F2 /* contentCell.m */,
				EFD1C71B228CF4E2006104F2 /* contentCell.xib */,
				EFFAA616228E4C8400952370 /* coachAppointCell.h */,
				EFFAA617228E4C8400952370 /* coachAppointCell.m */,
				EFFAA618228E4C8400952370 /* coachAppointCell.xib */,
			);
			path = TableCell;
			sourceTree = "<group>";
		};
		EFFAA60F228E487200952370 /* coachAppointment */ = {
			isa = PBXGroup;
			children = (
				13AE97DB207B191200B3FE11 /* JiaoViewController.h */,
				13AE97DC207B191200B3FE11 /* JiaoViewController.m */,
				EFFAA613228E497000952370 /* cAppointFirstViewController.h */,
				EFFAA614228E497000952370 /* cAppointFirstViewController.m */,
				EFFAA621228E5BEA00952370 /* MessageViewController.h */,
				EFFAA622228E5BEA00952370 /* MessageViewController.m */,
			);
			path = coachAppointment;
			sourceTree = "<group>";
		};
/* End PBXGroup section */

/* Begin PBXNativeTarget section */
		1389F4991F9C40B1005CE5B9 /* Stronger */ = {
			isa = PBXNativeTarget;
			buildConfigurationList = 1389F4B01F9C40B1005CE5B9 /* Build configuration list for PBXNativeTarget "Stronger" */;
			buildPhases = (
				1389F4961F9C40B1005CE5B9 /* Sources */,
				1389F4971F9C40B1005CE5B9 /* Frameworks */,
				1389F4981F9C40B1005CE5B9 /* Resources */,
			);
			buildRules = (
			);
			dependencies = (
			);
			name = Stronger;
			productName = Stronger;
			productReference = 1389F49A1F9C40B1005CE5B9 /* Stronger.app */;
			productType = "com.apple.product-type.application";
		};
/* End PBXNativeTarget section */

/* Begin PBXProject section */
		1389F4921F9C40B1005CE5B9 /* Project object */ = {
			isa = PBXProject;
			attributes = {
				LastUpgradeCheck = 0900;
				ORGANIZATIONNAME = "童阳升";
				TargetAttributes = {
					1389F4991F9C40B1005CE5B9 = {
						CreatedOnToolsVersion = 9.0.1;
						ProvisioningStyle = Automatic;
					};
				};
			};
			buildConfigurationList = 1389F4951F9C40B1005CE5B9 /* Build configuration list for PBXProject "Stronger" */;
			compatibilityVersion = "Xcode 8.0";
			developmentRegion = en;
			hasScannedForEncodings = 0;
			knownRegions = (
				en,
				Base,
			);
			mainGroup = 1389F4911F9C40B1005CE5B9;
			productRefGroup = 1389F49B1F9C40B1005CE5B9 /* Products */;
			projectDirPath = "";
			projectRoot = "";
			targets = (
				1389F4991F9C40B1005CE5B9 /* Stronger */,
			);
		};
/* End PBXProject section */

/* Begin PBXResourcesBuildPhase section */
		1389F4981F9C40B1005CE5B9 /* Resources */ = {
			isa = PBXResourcesBuildPhase;
			buildActionMask = 2147483647;
			files = (
				EFFAA61A228E4C8400952370 /* coachAppointCell.xib in Resources */,
				EFD1C71D228CF4E2006104F2 /* contentCell.xib in Resources */,
				1389F4AA1F9C40B1005CE5B9 /* LaunchScreen.storyboard in Resources */,
				13AE97D7207B17DA00B3FE11 /* Cell.xib in Resources */,
				1389F4A71F9C40B1005CE5B9 /* Assets.xcassets in Resources */,
				1389F4A51F9C40B1005CE5B9 /* Main.storyboard in Resources */,
			);
			runOnlyForDeploymentPostprocessing = 0;
		};
/* End PBXResourcesBuildPhase section */

/* Begin PBXSourcesBuildPhase section */
		1389F4961F9C40B1005CE5B9 /* Sources */ = {
			isa = PBXSourcesBuildPhase;
			buildActionMask = 2147483647;
			files = (
				13AE97D3207B174A00B3FE11 /* Cell.m in Sources */,
				1327C7281FC439F900216328 /* SQLManager.m in Sources */,
				EFD1C718228CECA7006104F2 /* ManagerViewController.m in Sources */,
				EFFAA615228E497000952370 /* cAppointFirstViewController.m in Sources */,
				EFD1C71C228CF4E2006104F2 /* contentCell.m in Sources */,
				1389F4AD1F9C40B1005CE5B9 /* main.m in Sources */,
				1327C7251FC3E0F900216328 /* AppointmentViewController.m in Sources */,
				1389F49F1F9C40B1005CE5B9 /* AppDelegate.m in Sources */,
				EFDC90A4228D5CB00097178A /* FirstViewController.m in Sources */,
				EFB213C6228D6183005485E8 /* coachSQL.m in Sources */,
				1389F4B51F9C4159005CE5B9 /* LoginViewController.m in Sources */,
				13149D871F9EC6CB001A859A /* CheckViewController.m in Sources */,
				13149D8A1F9EC708001A859A /* ReadViewController.m in Sources */,
				13149D841F9EC677001A859A /* HomeViewController.m in Sources */,
				13AE97E0207B1A4000B3FE11 /* ViewController.m in Sources */,
				EFDC9098228D5A1F0097178A /* CoachViewController.m in Sources */,
				1327C7221FC3DE7C00216328 /* UserModel.m in Sources */,
				EFB213CA228D621B005485E8 /* coachModel.m in Sources */,
				13DFBC792079B57700CBB6AF /* OnAnalysisViewController.m in Sources */,
				13E657A61FD3FBC400060B5B /* AppiontmentHomeViewController.m in Sources */,
				136BA948207B3902001653C3 /* ViewController2.m in Sources */,
				EFFAA623228E5BEA00952370 /* MessageViewController.m in Sources */,
				13149D8D1F9EC748001A859A /* CenterViewController.m in Sources */,
				EFFAA619228E4C8400952370 /* coachAppointCell.m in Sources */,
				13AE97DD207B191200B3FE11 /* JiaoViewController.m in Sources */,
			);
			runOnlyForDeploymentPostprocessing = 0;
		};
/* End PBXSourcesBuildPhase section */

/* Begin PBXVariantGroup section */
		1389F4A31F9C40B1005CE5B9 /* Main.storyboard */ = {
			isa = PBXVariantGroup;
			children = (
				1389F4A41F9C40B1005CE5B9 /* Base */,
			);
			name = Main.storyboard;
			sourceTree = "<group>";
		};
		1389F4A81F9C40B1005CE5B9 /* LaunchScreen.storyboard */ = {
			isa = PBXVariantGroup;
			children = (
				1389F4A91F9C40B1005CE5B9 /* Base */,
			);
			name = LaunchScreen.storyboard;
			sourceTree = "<group>";
		};
/* End PBXVariantGroup section */

/* Begin XCBuildConfiguration section */
		1389F4AE1F9C40B1005CE5B9 /* Debug */ = {
			isa = XCBuildConfiguration;
			buildSettings = {
				ALWAYS_SEARCH_USER_PATHS = NO;
				CLANG_ANALYZER_NONNULL = YES;
				CLANG_ANALYZER_NUMBER_OBJECT_CONVERSION = YES_AGGRESSIVE;
				CLANG_CXX_LANGUAGE_STANDARD = "gnu++14";
				CLANG_CXX_LIBRARY = "libc++";
				CLANG_ENABLE_MODULES = YES;
				CLANG_ENABLE_OBJC_ARC = YES;
				CLANG_WARN_BLOCK_CAPTURE_AUTORELEASING = YES;
				CLANG_WARN_BOOL_CONVERSION = YES;
				CLANG_WARN_COMMA = YES;
				CLANG_WARN_CONSTANT_CONVERSION = YES;
				CLANG_WARN_DIRECT_OBJC_ISA_USAGE = YES_ERROR;
				CLANG_WARN_DOCUMENTATION_COMMENTS = YES;
				CLANG_WARN_EMPTY_BODY = YES;
				CLANG_WARN_ENUM_CONVERSION = YES;
				CLANG_WARN_INFINITE_RECURSION = YES;
				CLANG_WARN_INT_CONVERSION = YES;
				CLANG_WARN_NON_LITERAL_NULL_CONVERSION = YES;
				CLANG_WARN_OBJC_LITERAL_CONVERSION = YES;
				CLANG_WARN_OBJC_ROOT_CLASS = YES_ERROR;
				CLANG_WARN_RANGE_LOOP_ANALYSIS = YES;
				CLANG_WARN_STRICT_PROTOTYPES = YES;
				CLANG_WARN_SUSPICIOUS_MOVE = YES;
				CLANG_WARN_UNGUARDED_AVAILABILITY = YES_AGGRESSIVE;
				CLANG_WARN_UNREACHABLE_CODE = YES;
				CLANG_WARN__DUPLICATE_METHOD_MATCH = YES;
				CODE_SIGN_IDENTITY = "iPhone Developer";
				COPY_PHASE_STRIP = NO;
				DEBUG_INFORMATION_FORMAT = dwarf;
				ENABLE_STRICT_OBJC_MSGSEND = YES;
				ENABLE_TESTABILITY = YES;
				GCC_C_LANGUAGE_STANDARD = gnu11;
				GCC_DYNAMIC_NO_PIC = NO;
				GCC_NO_COMMON_BLOCKS = YES;
				GCC_OPTIMIZATION_LEVEL = 0;
				GCC_PREPROCESSOR_DEFINITIONS = (
					"DEBUG=1",
					"$(inherited)",
				);
				GCC_WARN_64_TO_32_BIT_CONVERSION = YES;
				GCC_WARN_ABOUT_RETURN_TYPE = YES_ERROR;
				GCC_WARN_UNDECLARED_SELECTOR = YES;
				GCC_WARN_UNINITIALIZED_AUTOS = YES_AGGRESSIVE;
				GCC_WARN_UNUSED_FUNCTION = YES;
				GCC_WARN_UNUSED_VARIABLE = YES;
				IPHONEOS_DEPLOYMENT_TARGET = 11.0;
				MTL_ENABLE_DEBUG_INFO = YES;
				ONLY_ACTIVE_ARCH = YES;
				SDKROOT = iphoneos;
			};
			name = Debug;
		};
		1389F4AF1F9C40B1005CE5B9 /* Release */ = {
			isa = XCBuildConfiguration;
			buildSettings = {
				ALWAYS_SEARCH_USER_PATHS = NO;
				CLANG_ANALYZER_NONNULL = YES;
				CLANG_ANALYZER_NUMBER_OBJECT_CONVERSION = YES_AGGRESSIVE;
				CLANG_CXX_LANGUAGE_STANDARD = "gnu++14";
				CLANG_CXX_LIBRARY = "libc++";
				CLANG_ENABLE_MODULES = YES;
				CLANG_ENABLE_OBJC_ARC = YES;
				CLANG_WARN_BLOCK_CAPTURE_AUTORELEASING = YES;
				CLANG_WARN_BOOL_CONVERSION = YES;
				CLANG_WARN_COMMA = YES;
				CLANG_WARN_CONSTANT_CONVERSION = YES;
				CLANG_WARN_DIRECT_OBJC_ISA_USAGE = YES_ERROR;
				CLANG_WARN_DOCUMENTATION_COMMENTS = YES;
				CLANG_WARN_EMPTY_BODY = YES;
				CLANG_WARN_ENUM_CONVERSION = YES;
				CLANG_WARN_INFINITE_RECURSION = YES;
				CLANG_WARN_INT_CONVERSION = YES;
				CLANG_WARN_NON_LITERAL_NULL_CONVERSION = YES;
				CLANG_WARN_OBJC_LITERAL_CONVERSION = YES;
				CLANG_WARN_OBJC_ROOT_CLASS = YES_ERROR;
				CLANG_WARN_RANGE_LOOP_ANALYSIS = YES;
				CLANG_WARN_STRICT_PROTOTYPES = YES;
				CLANG_WARN_SUSPICIOUS_MOVE = YES;
				CLANG_WARN_UNGUARDED_AVAILABILITY = YES_AGGRESSIVE;
				CLANG_WARN_UNREACHABLE_CODE = YES;
				CLANG_WARN__DUPLICATE_METHOD_MATCH = YES;
				CODE_SIGN_IDENTITY = "iPhone Developer";
				COPY_PHASE_STRIP = NO;
				DEBUG_INFORMATION_FORMAT = "dwarf-with-dsym";
				ENABLE_NS_ASSERTIONS = NO;
				ENABLE_STRICT_OBJC_MSGSEND = YES;
				GCC_C_LANGUAGE_STANDARD = gnu11;
				GCC_NO_COMMON_BLOCKS = YES;
				GCC_WARN_64_TO_32_BIT_CONVERSION = YES;
				GCC_WARN_ABOUT_RETURN_TYPE = YES_ERROR;
				GCC_WARN_UNDECLARED_SELECTOR = YES;
				GCC_WARN_UNINITIALIZED_AUTOS = YES_AGGRESSIVE;
				GCC_WARN_UNUSED_FUNCTION = YES;
				GCC_WARN_UNUSED_VARIABLE = YES;
				IPHONEOS_DEPLOYMENT_TARGET = 11.0;
				MTL_ENABLE_DEBUG_INFO = NO;
				SDKROOT = iphoneos;
				VALIDATE_PRODUCT = YES;
			};
			name = Release;
		};
		1389F4B11F9C40B1005CE5B9 /* Debug */ = {
			isa = XCBuildConfiguration;
			buildSettings = {
				ASSETCATALOG_COMPILER_APPICON_NAME = AppIcon;
				CODE_SIGN_STYLE = Automatic;
				DEVELOPMENT_TEAM = G46XP9877A;
				INFOPLIST_FILE = Stronger/Info.plist;
				LD_RUNPATH_SEARCH_PATHS = "$(inherited) @executable_path/Frameworks";
				PRODUCT_BUNDLE_IDENTIFIER = com.HDU.Stronger;
				PRODUCT_NAME = "$(TARGET_NAME)";
				TARGETED_DEVICE_FAMILY = "1,2";
			};
			name = Debug;
		};
		1389F4B21F9C40B1005CE5B9 /* Release */ = {
			isa = XCBuildConfiguration;
			buildSettings = {
				ASSETCATALOG_COMPILER_APPICON_NAME = AppIcon;
				CODE_SIGN_STYLE = Automatic;
				DEVELOPMENT_TEAM = G46XP9877A;
				INFOPLIST_FILE = Stronger/Info.plist;
				LD_RUNPATH_SEARCH_PATHS = "$(inherited) @executable_path/Frameworks";
				PRODUCT_BUNDLE_IDENTIFIER = com.HDU.Stronger;
				PRODUCT_NAME = "$(TARGET_NAME)";
				TARGETED_DEVICE_FAMILY = "1,2";
			};
			name = Release;
		};
/* End XCBuildConfiguration section */

/* Begin XCConfigurationList section */
		1389F4951F9C40B1005CE5B9 /* Build configuration list for PBXProject "Stronger" */ = {
			isa = XCConfigurationList;
			buildConfigurations = (
				1389F4AE1F9C40B1005CE5B9 /* Debug */,
				1389F4AF1F9C40B1005CE5B9 /* Release */,
			);
			defaultConfigurationIsVisible = 0;
			defaultConfigurationName = Release;
		};
		1389F4B01F9C40B1005CE5B9 /* Build configuration list for PBXNativeTarget "Stronger" */ = {
			isa = XCConfigurationList;
			buildConfigurations = (
				1389F4B11F9C40B1005CE5B9 /* Debug */,
				1389F4B21F9C40B1005CE5B9 /* Release */,
			);
			defaultConfigurationIsVisible = 0;
			defaultConfigurationName = Release;
		};
/* End XCConfigurationList section */
	};
	rootObject = 1389F4921F9C40B1005CE5B9 /* Project object */;
}
